
Microsoft Visual Studio Solution File, Format Version 12.00
# Visual Studio 15
VisualStudioVersion = 15.0.28307.489
MinimumVisualStudioVersion = 10.0.40219.1
Project("{FAE04EC0-301F-11D3-BF4B-00C04F79EFBC}") = "pizzaCornerEntity", "pizzaCornerEntity\pizzaCornerEntity.csproj", "{15C97D0F-FFB6-46E7-ACBA-1D458885FFD9}"
EndProject
Project("{FAE04EC0-301F-11D3-BF4B-00C04F79EFBC}") = "Data_Base", "Data_Base\Data_Base.csproj", "{8A98AA26-D610-4BE3-8FB1-6C490DD2E27D}"
EndProject
Global
	GlobalSection(SolutionConfigurationPlatforms) = preSolution
		Debug|Any CPU = Debug|Any CPU
		Release|Any CPU = Release|Any CPU
	EndGlobalSection
	GlobalSection(ProjectConfigurationPlatforms) = postSolution
		{15C97D0F-FFB6-46E7-ACBA-1D458885FFD9}.Debug|Any CPU.ActiveCfg = Debug|Any CPU
		{15C97D0F-FFB6-46E7-ACBA-1D458885FFD9}.Debug|Any CPU.Build.0 = Debug|Any CPU
		{15C97D0F-FFB6-46E7-ACBA-1D458885FFD9}.Release|Any CPU.ActiveCfg = Release|Any CPU
		{15C97D0F-FFB6-46E7-ACBA-1D458885FFD9}.Release|Any CPU.Build.0 = Release|Any CPU
		{8A98AA26-D610-4BE3-8FB1-6C490DD2E27D}.Debug|Any CPU.ActiveCfg = Debug|Any CPU
		{8A98AA26-D610-4BE3-8FB1-6C490DD2E27D}.Debug|Any CPU.Build.0 = Debug|Any CPU
		{8A98AA26-D610-4BE3-8FB1-6C490DD2E27D}.Release|Any CPU.ActiveCfg = Release|Any CPU
		{8A98AA26-D610-4BE3-8FB1-6C490DD2E27D}.Release|Any CPU.Build.0 = Release|Any CPU
	EndGlobalSection
	GlobalSection(SolutionProperties) = preSolution
		HideSolutionNode = FALSE
	EndGlobalSection
	GlobalSection(ExtensibilityGlobals) = postSolution
		SolutionGuid = {49EDCD88-B77C-448D-9C24-86D5F4ED86BF}
	EndGlobalSection
EndGlobal
